{
    "_meta": {
        "hash": {
            "sha256": "6940bb44cee0859367f606c23bff357a886f12a179755ef5c7d8132b13ac8cdd"
        },
        "host-environment-markers": {
            "implementation_name": "cpython",
            "implementation_version": "3.6.1",
            "os_name": "posix",
            "platform_machine": "x86_64",
            "platform_python_implementation": "CPython",
            "platform_release": "16.7.0",
            "platform_system": "Darwin",
            "platform_version": "Darwin Kernel Version 16.7.0: Thu Jun 15 17:36:27 PDT 2017; root:xnu-3789.70.16~2/RELEASE_X86_64",
            "python_full_version": "3.6.1",
            "python_version": "3.6",
            "sys_platform": "darwin"
        },
        "pipfile-spec": 3,
        "requires": {},
        "sources": [
            {
                "url": "https://pypi.python.org/simple",
                "verify_ssl": true
            }
        ]
    },
    "default": {
        "appnope": {
            "hashes": [
                "sha256:5b26757dc6f79a3b7dc9fab95359328d5747fcb2409d331ea66d0272b90ab2a0",
                "sha256:8b995ffe925347a2138d7ac0fe77155e4311a0ea6d6da4f5128fe4b3cbe5ed71"
            ],
            "version": "==0.1.0"
        },
        "argh": {
            "hashes": [
                "sha256:a9b3aaa1904eeb78e32394cd46c6f37ac0fb4af6dc488daa58971bdc7d7fcaf3",
                "sha256:e9535b8c84dc9571a48999094fda7f33e63c3f1b74f3e5f3ac0105a58405bb65"
            ],
            "version": "==0.26.2"
        },
        "asn1crypto": {
            "hashes": [
                "sha256:d232509fefcfcdb9a331f37e9c9dc20441019ad927c7d2176cf18ed5da0ba097",
                "sha256:cbbadd640d3165ab24b06ef25d1dca09a3441611ac15f6a6b452474fdf0aed1a"
            ],
            "version": "==0.22.0"
        },
        "bcrypt": {
            "hashes": [
                "sha256:4eb357ab2cd27f4c6151d33130c667e9245beb9d1e6779ccf7e196d4cc20ffa8",
                "sha256:9c3b27bcc772958a4a051ae333de802423ebe0a5dd4e58e642e6e9d641cd7f3c",
                "sha256:5dce51509227741323469b5c5ac6c6ccb2b2380800acc72e60bdf1b3359a5deb",
                "sha256:c68f89a235752c2c191f17ca9a5a2496cb278b57ceb3753621f502a3f576fec5",
                "sha256:06280fe19ffbcf6cf904de25190dd6fcd313e30bc79da305f5642a8295d1616e",
                "sha256:e0d47491bd496f823c7fdfdd6154b3e68b8ddf07556210bc46d39af31035f90a",
                "sha256:bebccf76fad01fe91426023b3a41ee991a3ab539f3d3d74b7acdb75baf111224",
                "sha256:b949fd8cab330cddb101d4d5fa1b02772b887c31280f10ee4530c2090c378b13",
                "sha256:1f3054d4da7c4a84b797d9130c36425b6e28134e9e67cd47b393774ea7168a3d",
                "sha256:5129442f3f131c1210734699ffa2b7f956786e3e943d38a3158ce174708d0296",
                "sha256:60c8aa69d18ee750d3678d67a265f1cf3559eabef98f90e3e646c3ff41e8795d",
                "sha256:35cfdfa3f64f8bad68d25f261bdc60fbb9e43f164881c496cb590bf8001aad83",
                "sha256:05b35b9842b009b44496fa5433ce462f69966291e50fbd471dbb427f399f748f",
                "sha256:70b69c68aede91eb96df81227c0a060ead75a008c3d7e4858dc165265d125c44",
                "sha256:329c547f5525808aecd77ccade9fd443e381f9d91fc8164da1dae9c195e1f1f5",
                "sha256:84b65684f53c4b6b9d9f61d7f9306e286613187bdf46f30d9a0bbadccfde2205",
                "sha256:81eb609e0e15336ce6d6acf37a2e4a89c5a2030b76bc7a907e7010d5b4332c38",
                "sha256:69dc348c0b6b34b855f3f340756b35f0398e18f0637fc815be567c664cba7d1b",
                "sha256:f2bfc588ff4e779e3659b8db348f5fb7b8192d63efc4bf15ecc50a72c820a221",
                "sha256:9cdc6fcd0eda471b66aca565ce214639f1ad1c5f3a71a205c492d04d139bb75b",
                "sha256:4396a33e112907f5978d5c40ca858b79fb1f6afd1caf3f8721c1411593d83bc2",
                "sha256:8b32df00118b8e7de99eb5ca78374eff1a3934ca42972a54283ddcb85d77164d",
                "sha256:73aabf7967c4dc319644c8bcfcbfe8106a475b16af481e0c12402dce2fbac44d",
                "sha256:f05cf87b6787b19c0daf9a7b89ac98708e48903120ccc04e4120528daba280fb",
                "sha256:66e3e1c105c1b811cf25974ee1eff53f2ebf4203c2e2c90e4b1097a837ba4a66",
                "sha256:5929214153af8e3e461777837e0de1a00f2ced48d921e55fb952b4d5702e1be2",
                "sha256:f1255ae53392e6e3a40955fa363d9522c915d3245c83029fd7a8ef500cd5f3be",
                "sha256:b7679e478041ad8eae3d70e73dc7f6a2e913142a5fc35a6cabfcb7af977559c1",
                "sha256:cdbcff01afda970b8d8e57633204f4501eddbe2c03932f51e7030aebddaf72d5",
                "sha256:c22f3e2c29cb592b65020605649f6d3cd4cf626e6cf97ce1843547e5ea4d5f68",
                "sha256:c8e236eabdaf230e5c49f26c28f95bc3788ba1296765a4e1b98143741fcd779c",
                "sha256:7f08048c4315f56f02dcef350c9b149a1b7a88c46d316e16a83f1f25a71323c6",
                "sha256:47d47df72e9f0462c8065a82da7b87f4b2577eb8a3fc855bcea165c2293beb84",
                "sha256:b67e222177bfd51532955307a1ec9afd5e9c90ba2ff9561acae562d1e75c6ac1",
                "sha256:5817b2b70a074cdab74c3871a2018d6931f8ef5148844006b8868b2be26f5abe",
                "sha256:6645c8d0ad845308de3eb9be98b6fd22a46ec5412bfc664a423e411cdd8f5488"
            ],
            "version": "==3.1.3"
        },
        "bleach": {
            "hashes": [
                "sha256:a6d9d5f5b7368c1689ad7f128af8e792beea23393688872b576c0271e6564a16",
                "sha256:b9522130003e4caedf4f00a39c120a906dcd4242329c1c8f621f5370203cbc30"
            ],
            "version": "==2.0.0"
        },
        "cffi": {
            "hashes": [
                "sha256:446699c10f3c390633d0722bc19edbc7ac4b94761918a4a4f7908a24e86ebbd0",
                "sha256:562326fc7f55a59ef3fef5e82908fe938cdc4bbda32d734c424c7cd9ed73e93a",
                "sha256:7f732ad4a30db0b39400c3f7011249f7d0701007d511bf09604729aea222871f",
                "sha256:ec08b88bef627ec1cea210e1608c85d3cf44893bcde74e41b7f7dbdfd2c1bad6",
                "sha256:a41406f6d62abcdf3eef9fd998d8dcff04fd2a7746644143045feeebd76352d1",
                "sha256:94fb8410c6c4fc48e7ea759d3d1d9ca561171a88d00faddd4aa0306f698ad6a0",
                "sha256:587a5043df4b00a2130e09fed42da02a4ed3c688bd9bf07a3ac89d2271f4fb07",
                "sha256:b560916546b2f209d74b82bdbc3223cee9a165b0242fa00a06dfc48a2054864a",
                "sha256:e74896774e437f4715c57edeb5cf3d3a40d7727f541c2c12156617b5a15d1829",
                "sha256:9a31c18ba4881a116e448c52f3f5d3e14401cf7a9c43cc88f06f2a7f5428da0e",
                "sha256:7248506981eeba23888b4140a69a53c4c0c0a386abcdca61ed8dd790a73e64b9",
                "sha256:a8955265d146e86fe2ce116394be4eaf0cb40314a79b19f11c4fa574cd639572",
                "sha256:c49187260043bd4c1d6a52186f9774f17d9b1da0a406798ebf4bfc12da166ade",
                "sha256:80796ea68e11624a0279d3b802f88a7fe7214122b97a15a6c97189934a2cc776",
                "sha256:f4019826a2dec066c909a1f483ef0dcf9325d6740cc0bd15308942b28b0930f7",
                "sha256:c1d8b3d8dcb5c23ac1a8bf56422036f3f305a3c5a8bc8c354256579a1e2aa2c1",
                "sha256:9e389615bcecb8c782a87939d752340bb0a3a097e90bae54d7f0915bc12f45bd",
                "sha256:d09ff358f75a874f69fa7d1c2b4acecf4282a950293fcfcf89aa606da8a9a500",
                "sha256:b69b4557aae7de18b7c174a917fe19873529d927ac592762d9771661875bbd40",
                "sha256:5de52b081a2775e76b971de9d997d85c4457fc0a09079e12d66849548ae60981",
                "sha256:e7d88fecb7b6250a1fd432e6dc64890342c372fce13dbfe4bb6f16348ad00c14",
                "sha256:1426e67e855ef7f5030c9184f4f1a9f4bfa020c31c962cd41fd129ec5aef4a6a",
                "sha256:267dd2c66a5760c5f4d47e2ebcf8eeac7ef01e1ae6ae7a6d0d241a290068bc38",
                "sha256:e553eb489511cacf19eda6e52bc9e151316f0d721724997dda2c4d3079b778db",
                "sha256:98b89b2c57f97ce2db7aeba60db173c84871d73b40e41a11ea95de1500ddc57e",
                "sha256:e2b7e090188833bc58b2ae03fb864c22688654ebd2096bcf38bc860c4f38a3d8",
                "sha256:afa7d8b8d38ad40db8713ee053d41b36d87d6ae5ec5ad36f9210b548a18dc214",
                "sha256:4fc9c2ff7924b3a1fa326e1799e5dd58cac585d7fb25fe53ccaa1333b0453d65",
                "sha256:937db39a1ec5af3003b16357b2042bba67c88d43bc11aaa203fa8a5924524209",
                "sha256:ab22285797631df3b513b2cd3ecdc51cd8e3d36788e3991d93d0759d6883b027",
                "sha256:96e599b924ef009aa867f725b3249ee51d76489f484d3a45b4bd219c5ec6ed59",
                "sha256:bea842a0512be6a8007e585790bccd5d530520fc025ce63b03e139be373b0063",
                "sha256:e7175287f7fe7b1cc203bb958b17db40abd732690c1e18e700f10e0843a58598",
                "sha256:285ab352552f52f1398c912556d4d36d4ea9b8450e5c65d03809bf9886755533",
                "sha256:5576644b859197da7bbd8f8c7c2fb5dcc6cd505cadb42992d5f104c013f8a214",
                "sha256:b3b02911eb1f6ada203b0763ba924234629b51586f72a21faacc638269f4ced5"
            ],
            "version": "==1.10.0"
        },
        "colorama": {
            "hashes": [
                "sha256:463f8483208e921368c9f306094eb6f725c6ca42b0f97e313cb5d5512459feda",
                "sha256:48eb22f4f8461b1df5734a074b57042430fb06e1d61bd1e11b078c0fe6d7a1f1"
            ],
            "version": "==0.3.9"
        },
        "cryptography": {
            "hashes": [
                "sha256:59e074f2d194f4451dbe2f893a71de371e5a214dfe153021fe7975481356ac80",
                "sha256:5aacbb07d8b0869a632ca43ddd8f0529d805bc8a4f359c9bf2f75fae00350165",
                "sha256:b3e9383c150badf37a357ab79fc96d0291a7cfaaa52ef81d79ff451c0beb253c",
                "sha256:a8d2dfab1ea3806837c416ef02f0959de1d33e23d0a756680a3b2fde9be55350",
                "sha256:0acca42b75a6a2ab2d3d7d5866f961888dc64e3e2a623dbf7061fa1f853fce6d",
                "sha256:feaa8b96de06dc7cedbf76ca2800d546647112cf7302bcfab7afc3eac592b34b",
                "sha256:abb7ff6f4c68439421cb14d5fc0b82c3527f577ec4d8598220203b9e2ae7c3d2",
                "sha256:f56a3cf464b57b5b5d32d85b97e5ef5d87a071d9ecd47240c50b7ed14b5f7f13",
                "sha256:e8dd999239520a75765ec942752f7542561cf94c323668dcc2c0d43b9a7dafda",
                "sha256:039ab9a0accbef0c1af8fadd4a27ef5ff31d9224ab1667822f8b63dbd2bd7b9f",
                "sha256:582cb8d21e7ff2455887e296bc719c7fd21521f37864fbd3f170ef5e0d09e0e6",
                "sha256:a62f2eb1ae014ce3beb80f0f7ad5a7b66ceef98924daf14e1e23d383d12df5bb",
                "sha256:17f7a3c1d52a0e75791fe6b093fc1d41cb24e42ddd9cfff68245d36deaacafc4",
                "sha256:e69a98b9cf3f170ae796bc7872aff1ae537907007ff34c7e2e920007c903ade2",
                "sha256:5f426698db20d7ec29b85db16e989ce5e84a4bbd9384479f00ab12de3d3173ba",
                "sha256:3419a83d84b1153622a1f02c10a76048fb8519fb81e2ccdc0dfdef30a3b59081",
                "sha256:106637f1805b7d0e8f85a1b8659854081f37791fbb361914860f41845e0cdee1",
                "sha256:720b68bcb7c0982177dec00f809da828fcc9d05535665f258e785c17e50cab7f",
                "sha256:630e16ffa654f86bde0e66c4dc069334f6f582fc79c4483ca219130c849f00c2",
                "sha256:1fa3747bc93e5e63366f856f9f919a85de3ed4fabe99506d8ca59e120d2f23ff",
                "sha256:ce3f82012f01c3d2b2880f168cd1196ff5394d42e602def6b0727e1729a5d2ad",
                "sha256:a726d9d85ee3b5af0d8cef0eac1d8e3748037754376b0a13511ba1408c6ce96d",
                "sha256:e625cba7d19fb356236e54b202ea3a3668cb849b8a1b8c2bda0ed350ddabe72b",
                "sha256:d7afc34d381eacb97df127473f56a209ccdf82a03a506163d827c6b768527265",
                "sha256:41b6910bf3a84dcb8a759466aa9b88eb27ef9cc081f1b05e1bd0240a24aa07d8",
                "sha256:31462bd3aab4cf099256b3ff96871d32d5eafab22d1ae036e4fcdc2d69fe2752",
                "sha256:2c63915bcf431cf327822073ba212973851288b106d46316d94df4c735133112",
                "sha256:b0190fb32db3643689e558b588778fd7fb4ca01b8d45812f3883fccc7c6ce59c",
                "sha256:b436dcb13edbfd71dcdd312476699bc8885524c54bf76441471b5b215eb7f956",
                "sha256:4f8112335483f72ad1243de3bd080fcc54bd0aa663028be3cbccfd997b28f79f",
                "sha256:2e9a60a5c31f8fc5b0c5c820f2e4beb387414c28ab9edbf9307afcc65edd5a8b",
                "sha256:d32453b54f99cfe3103f0cb79f6c0ea68c66483811dfe1527a4f06eb3bc580b0"
            ],
            "version": "==2.0"
        },
        "decorator": {
            "hashes": [
                "sha256:f0a8292e752ab00515a76a2443da259d7915dc44ed75fbbafc3dc34b0f75a7a4",
                "sha256:d48a0a1107a1e72ebd603ae3f9b06e4b9109f7fa92e28152a710adc4d37bf6e9"
            ],
            "version": "==4.1.1"
        },
        "docopt": {
            "hashes": [
                "sha256:49b3a825280bd66b3aa83585ef59c4a8c82f2c8a522dbe754a8bc8d08c85c491"
            ],
            "version": "==0.6.2"
        },
        "entrypoints": {
            "hashes": [
                "sha256:10ad569bb245e7e2ba425285b9fa3e8178a0dc92fc53b1e1c553805e15a8825b",
                "sha256:d2d587dde06f99545fb13a383d2cd336a8ff1f359c5839ce3a64c917d10c029f"
            ],
            "version": "==0.2.3"
        },
        "fabric3": {
            "hashes": [
                "sha256:7c61df6bd6ed2817c1be1246a01bca4db6b19cd3e831dd046b9463ce8ba3ae87",
                "sha256:8097dbd078c11273fdaf52d54ce8e11754fa8160be7c407ae866b5e78d76b47c"
            ],
            "version": "==1.13.1.post1"
        },
        "html5lib": {
            "hashes": [
                "sha256:b8934484cf22f1db684c0fae27569a0db404d0208d20163fbf51cc537245d008",
                "sha256:ee747c0ffd3028d2722061936b5c65ee4fe13c8e4613519b4447123fc4546298"
            ],
            "version": "==0.999999999"
        },
        "hugo-jupyter": {
            "hashes": [
                "sha256:53527b334822f9ba2f82b3f9b3fd98dece4eb97053e9ccc82c43a5a831c4d838",
                "sha256:05557c5fc855197a5942be5d71793ad63044f7b77c44689b3e281f1f8bddedc8"
            ],
            "version": "==0.2.1"
        },
        "idna": {
            "hashes": [
                "sha256:cc19709fd6d0cbfed39ea875d29ba6d4e22c0cebc510a76d6302a28385e8bb70",
                "sha256:3cb5ce08046c4e3a560fc02f138d0ac63e00f8ce5901a56b32ec8b7994082aab"
            ],
            "version": "==2.5"
        },
        "ipykernel": {
            "hashes": [
                "sha256:188c786b7d1786b10214aa64089e62bb2ee54dd2aa3d17db5bb39ffacf44b21d",
                "sha256:afe2bebd8b47ac91801f13f26c228897ebd63793e7daa271921fdbc6dd719173",
                "sha256:2e1825aca4e2585b5adb7953ea16e53f53a62159ed49952a564b1e23507205db"
            ],
            "version": "==4.6.1"
        },
        "ipython": {
            "hashes": [
                "sha256:cd44c7f5ccb2b349ffd6ede10d8e4204c9ab1ede4a8a6c40220cfeb07069171a",
                "sha256:5c53e8ee4d4bec27879982b9f3b4aa2d6e3cfd7b26782d250fa117f85bb29814"
            ],
            "version": "==6.1.0"
        },
        "ipython-genutils": {
            "hashes": [
                "sha256:72dd37233799e619666c9f639a9da83c34013a73e8bbc79a7a6348d93c61fab8",
                "sha256:eb2e116e75ecef9d4d228fdc66af54269afa26ab4463042e33785b887c628ba8"
            ],
            "version": "==0.2.0"
        },
        "ipywidgets": {
            "hashes": [
                "sha256:e3b50a61c01b973284a549901e59b7af3bb3afc8ceec9c498de5c43ae9d3db91",
                "sha256:afa6248850cff14ef86117db87aeab0b12237e4eaf740e73716460ed593a43a7"
            ],
            "version": "==6.0.0"
        },
        "jedi": {
            "hashes": [
                "sha256:96678411f2ffa444da3a5e7fdd4adc513b728a4a4617b30308be5c950722424b",
                "sha256:7abb618cac6470ebbd142e59c23daec5e6e063bfcecc8a43a037d2ab57276f4e"
            ],
            "version": "==0.10.2"
        },
        "jinja2": {
            "hashes": [
                "sha256:2231bace0dfd8d2bf1e5d7e41239c06c9e0ded46e70cc1094a0aa64b0afeb054",
                "sha256:ddaa01a212cd6d641401cb01b605f4a4d9f37bfc93043d7f760ec70fb99ff9ff"
            ],
            "version": "==2.9.6"
        },
        "jsonschema": {
            "hashes": [
                "sha256:000e68abd33c972a5248544925a0cae7d1125f9bf6c58280d37546b946769a08",
                "sha256:6ff5f3180870836cae40f06fa10419f557208175f13ad7bc26caa77beb1f6e02"
            ],
            "version": "==2.6.0"
        },
        "jupyter": {
            "hashes": [
                "sha256:5b290f93b98ffbc21c0c7e749f054b3267782166d72fa5e3ed1ed4eaf34a2b78",
                "sha256:d9dc4b3318f310e34c82951ea5d6683f67bed7def4b259fafbfe4f1beb1d8e5f",
                "sha256:3e1f86076bbb7c8c207829390305a2b1fe836d471ed54be66a3b8c41e7f46cc7"
            ],
            "version": "==1.0.0"
        },
        "jupyter-client": {
            "hashes": [
                "sha256:9294519538a2768f2e912dc3d82539b2b6b66d10740595b9f5bef7a8ac3d7c69",
                "sha256:08756b021765c97bc5665390700a4255c2df31666ead8bff116b368d09912aba"
            ],
            "version": "==5.1.0"
        },
        "jupyter-console": {
            "hashes": [
                "sha256:9ed0bc03a8fa4a32e2f61a068508b4d133aeda772e28d481ef3c0bcb6cc5508e",
                "sha256:d0b4ae4dfe070be1e9d5690fa819328acffb5f37a8ef3baa1c7e3b77b443cfd7"
            ],
            "version": "==5.1.0"
        },
        "jupyter-contrib-core": {
            "hashes": [
                "sha256:a4c87f01fe74a62635242b8b70c16e067c230bc4e33f69b3b8e8a432662de0fc",
                "sha256:b487971bde0eb98959bafaa6a199dad8573369a8f848749b00f07ebdcf58aef7"
            ],
            "version": "==0.3.1"
        },
        "jupyter-contrib-nbextensions": {
            "hashes": [
                "sha256:db75475d47b2a388d86bb17a557fba7aff49cc17d07157c41ac07d9c1ed01347",
                "sha256:eb15a4d5f70f840d59c5095c214e6ec3c48936ba53565bfc1869422d3e042cd2"
            ],
            "version": "==0.2.8"
        },
        "jupyter-core": {
            "hashes": [
                "sha256:63218bb5c1c0f3bba25027e1b51cf00a71ce2a1b06d1bb4bbb6e311492790125",
                "sha256:a96b129e1641425bf057c3d46f4f44adce747a7d60107e8ad771045c36514d40"
            ],
            "version": "==4.3.0"
        },
        "jupyter-highlight-selected-word": {
            "hashes": [
                "sha256:a6f497add7f82a9da6df54bb3872ab6c88961284e69030e84e79173ed60cb8ea",
                "sha256:3e0ae5f27f9f9e7b2de64b65ab5bc8d77481c4b95ee95b852adc48772932465d"
            ],
            "version": "==0.0.11"
        },
        "jupyter-latex-envs": {
            "hashes": [
                "sha256:cae095f58d656efe9c703cbf34dba613b7a435b711de7c08430855b531fc0c4f"
            ],
            "version": "==1.3.8.4"
        },
        "jupyter-nbextensions-configurator": {
            "hashes": [
                "sha256:416e965d7acb3f222ffac5571d2ca07726be04e323c015dc23e8b0f8d61872f1",
                "sha256:97c54dbf704420d654cf0b490854e191e6dd45063a292fb73e9ab845b47848f9"
            ],
            "version": "==0.2.5"
        },
        "markupsafe": {
            "hashes": [
                "sha256:a6be69091dac236ea9c6bc7d012beab42010fa914c459791d627dad4910eb665"
            ],
            "version": "==1.0"
        },
        "mistune": {
            "hashes": [
                "sha256:4ee2350e750acab4c4ae2fb16197f9f27b9a4740e87ed4ad9f7ecdc987bed9bc",
                "sha256:9d21a8ad203c6d7253492518fde7e633c561fecd544301017ab4a5929452955b",
                "sha256:94b9f0c3c7f2bae302009d8bec2bb803daec8879e0ea2102630f5ea7ade2c96b",
                "sha256:8517af9f5cd1857bb83f9a23da75aa516d7538c32a2c5d5c56f3789a9e4cd22f"
            ],
            "version": "==0.7.4"
        },
        "mpmath": {
            "hashes": [
                "sha256:68ddf6426dcda445323467d89892d2cffbbd1ae0b31ac1241b1b671749d63222",
                "sha256:21a824db176799f42843e4510da4bc6db36ef92b5a43fff70fad7e29bffb9c86"
            ],
            "version": "==0.19"
        },
        "mypy": {
            "hashes": [
                "sha256:4c1910b8166db2b25b8e8f661a1a2eaef60ed8eaf4c5b67f5592fafcdb8d8749",
                "sha256:9d30df20cd937b80cfc6007d75426f27a232789cfa288c63bf9370f2542c9658"
            ],
            "version": "==0.521"
        },
        "nbconvert": {
            "hashes": [
                "sha256:844c9e857af59f60242155730a84e2c0b04d1c2bb4f1e0c8caf3c4268c2e2c09",
                "sha256:9ed68ec7fe90a8672b43795b29ea91cc75ea355c83debc83ebd12171521ec274"
            ],
            "version": "==5.2.1"
        },
        "nbformat": {
            "hashes": [
                "sha256:5fd473f9637a455e10b668f381a0895c80e790019846a0c423ea54108ad89475",
                "sha256:5febcce872672f1c97569e89323992bdcb8573fdad703f835e6521253191478b"
            ],
            "version": "==4.3.0"
        },
        "notebook": {
            "hashes": [
                "sha256:90ad2c09210a94dd2f4019588b9386f6c6e66b52c938b053d2ebd376156b1233",
                "sha256:1cea3bbbd03c8e5842a1403347a8cc8134486b3ce081a2e5b1952a00ea66ed54"
            ],
            "version": "==5.0.0"
        },
        "pandocfilters": {
            "hashes": [
                "sha256:ec8bcd100d081db092c57f93462b1861bcfa1286ef126f34da5cb1d969538acd"
            ],
            "version": "==1.4.1"
        },
        "paramiko": {
            "hashes": [
                "sha256:9c9402377ba8594889aab1e44a13b78eda685eb2145dc00b2353b4fbb25088cf",
                "sha256:ff94ae65379914ec3c960de731381f49092057b6dd1d24d18842ead5a2eb2277"
            ],
            "version": "==2.2.1"
        },
        "pathtools": {
            "hashes": [
                "sha256:7c35c5421a39bb82e58018febd90e3b6e5db34c5443aaaf742b3f33d4655f1c0"
            ],
            "version": "==0.1.2"
        },
        "pexpect": {
            "hashes": [
                "sha256:f853b52afaf3b064d29854771e2db509ef80392509bde2dd7a6ecf2dfc3f0018",
                "sha256:3d132465a75b57aa818341c6521392a06cc660feb3988d7f1074f39bd23c9a92"
            ],
            "version": "==4.2.1"
        },
        "pickleshare": {
            "hashes": [
                "sha256:c9a2541f25aeabc070f12f452e1f2a8eae2abd51e1cd19e8430402bdf4c1d8b5",
                "sha256:84a9257227dfdd6fe1b4be1319096c20eb85ff1e82c7932f36efccfe1b09737b"
            ],
            "version": "==0.7.4"
        },
        "prompt-toolkit": {
            "hashes": [
                "sha256:82c7f8e07d7a0411ff5367a5a8ff520f0112b9179f3e599ee8ad2ad9b943d911",
                "sha256:7281b5199235adaef6980942840c43753e4ab20dfe41338da634fb41c194f9d8",
                "sha256:cc66413b1b4b17021675d9f2d15d57e640b06ddfd99bb724c73484126d22622f"
            ],
            "version": "==1.0.14"
        },
        "psutil": {
            "hashes": [
                "sha256:db473f0d45a56d422502043f3755385fcfd83f5bb0947bc807fcad689230f37f",
                "sha256:dcd9d3131f83480648da40d2c39403657c63a81e56e4e8d8e905bf65c133d59c",
                "sha256:3f79a044db0aae96592ef42be459e37095d0c2cebcae4fd7baf486d37a85a8cd",
                "sha256:838c66c123cb024bf8c8d2fec902b38c51f75b27988f4487d81383d1d3d8a8ce",
                "sha256:a155875d2fedb614c2cd687fe47953d03a47f76eb39bd5756931b288b685655f",
                "sha256:a989876ac0cc7942ef9481b96d3bfc02777dc798d4a7a1b4e8f0f284228f3434",
                "sha256:32616c5736f1de446e77865305e7f56905c718991f820c8286436adea8192f32",
                "sha256:50c8ddc3a6d1cda1de6d7aaf1af10896832c6d686fc7d0fe3d01c1eb51e6f521",
                "sha256:e8b65a80e978af9bf10be423442155032c589b7042b4a26edc410dc36819d65e",
                "sha256:7a5c0973bd4c1de98d9b225bd4303a0718d31e31d6e2342e825c3e656f7056df",
                "sha256:44746540c0fab5b95401520d29eb9ffe84b3b4a235bd1d1971cbe36e1f38dd13",
                "sha256:147093b75b8874e55e6b26c540544d40e98845bc4ee74dc6054c881fd2a3eed9",
                "sha256:3d3c5c117e55c486a53ef796cc715035bf4f56419cc32dbd124fe26e9289ad1e",
                "sha256:0c74c6a494b650966b88da256cab4e507f483c53e85b9b10d3ff9c38f059330b",
                "sha256:b5583d1c2c858056d39bd148ed25839c4f1b76fec8fb2cb9b564c82997a21266",
                "sha256:1da0aa70d66612588d77daed7784e623aac1fd038681c3acd0e1c76b2b2f0819",
                "sha256:70732850abd11f4d9fa46f0e110af21030e0a6088204f332d335921b36e66305",
                "sha256:5d2f076788d71d2e1c7276f1e5a1bc255f29c2e80eb8879a9ffc633c5bf69481",
                "sha256:fecda42b274dc618278bd9139e8493c9459d2174376f82b65ba929557f10e880",
                "sha256:92e3500dfaf7a5502ebaf4a7472e2afb9ff0cb36b4e5dc1977b3c774f58332db",
                "sha256:ed09521d49ee177f1205ed9791ad62263feacd2fe1cc20d1d33cf37923f240ea"
            ],
            "version": "==5.2.2"
        },
        "ptyprocess": {
            "hashes": [
                "sha256:e8c43b5eee76b2083a9badde89fd1bbce6c8942d1045146e100b7b5e014f4f1a",
                "sha256:e64193f0047ad603b71f202332ab5527c5e52aa7c8b609704fc28c0dc20c4365"
            ],
            "version": "==0.5.2"
        },
        "pyasn1": {
            "hashes": [
                "sha256:7e49a484ca8e2c3eb9771e857ce6962d3018cafa89274638741c885b4ac6e955",
                "sha256:1e247af929882f4a082e987d7a827a55ee4fe21b7a1aded524e7ad2fdd40b6dc",
                "sha256:5889f38a5e13e02169a5d4b42c7ea6b90f51172cc4e9aad3ac784b44a10e3182",
                "sha256:73d7681d29ea487386c2904f42cc2db91267874723ac1064a62671fc2877b537",
                "sha256:0439b9bd518418260c2641a571f0e07fce4370cab13b68f19b5e023306c03cad",
                "sha256:a2c7e7a14b6ad0cff2f86f95fe772642acfdbced01868020e569bd1f2f674633",
                "sha256:3200eba6a5d9b6e26d815ba8d8c3018620801e38aef6cac682271bfb6420cb9c",
                "sha256:bac3cd27bf6a3a67f347fb4d9cc41879671ec893dc85a07e783cc0f691132ef1",
                "sha256:ebdc97401e0e8f50af6ad4de1585f480b93628b583bc4dc08a86ce18f624ef15",
                "sha256:b1127038a82d829ee131353287c5fbdae54b0fe44639688d39df4490c3b00f31",
                "sha256:8b38f73c486cde4ea4264a4ecc3a2b6a029bb861939135f1d11a9d7d99d1d90b",
                "sha256:738c4ebd88a718e700ee35c8d129acce2286542daa80a82823a7073644f706ad"
            ],
            "version": "==0.2.3"
        },
        "pycparser": {
            "hashes": [
                "sha256:99a8ca03e29851d96616ad0404b4aad7d9ee16f25c9f9708a11faf2810f7b226"
            ],
            "version": "==2.18"
        },
        "pygments": {
            "hashes": [
                "sha256:78f3f434bcc5d6ee09020f92ba487f95ba50f1e3ef83ae96b9d5ffa1bab25c5d",
                "sha256:dbae1046def0efb574852fab9e90209b23f556367b5a320c0bcb871c77c3e8cc"
            ],
            "version": "==2.2.0"
        },
        "pynacl": {
            "hashes": [
                "sha256:9558ef5c1ae45322c054d1d1151016e0463b4da8b5c746a675e99c5c7d8f4faa",
                "sha256:301c966c1e17950e50d174ab4b2e7ef3e98ff51ad7a591152a19fe2139281eed",
                "sha256:4d21d733a63637ddf41d0cab50135ec9f5224dd22fd10ebf5c5f5f946b833f84",
                "sha256:99f91eb80b85fe16f70d362cfeae8eeeb108cd09a85f039fdab02164762f764b",
                "sha256:57314a7bad4bd39501dc622942f9921923673e52e126b0fc4f0214b5d25d619a",
                "sha256:c93d151efcdd7d214b1b11d781c9f1b125f0208cd06d9762bddabdfeac1cedfc",
                "sha256:1b4938a557b32e5c6b27fac79a94cf1abb70753b5462a0b577bd2a77e09dacd0",
                "sha256:506bc2591968a1a7b6577075bc29a591d8fff5bdfec03b0dd926f34b75b670e5",
                "sha256:4c15d7cea1a313fff3f68222e682ee1f855e43c0865081cad7385066a6b57d75",
                "sha256:c4ea0e3b9f3317ada56e12c7b37f6d0316900ae8b54a20d7b100d4e14350ac87",
                "sha256:53d83faf274813a5778bba1cd4cb96b79f39e44a63b1c4a4dada01a2b0eeafe8",
                "sha256:5172395dea8203ae124fd282fef3d242aa75366d66aebc0f5aab0c4753eed97b",
                "sha256:877879903cddb5da317fe86d923f65eb28c62fd7feb79cd3402d166e401f9423",
                "sha256:123c41df1db119397f2e26e9c63ca2ea853d3663e26b1c389bd3859dc1b7178a",
                "sha256:ceb16b7977123713ad898450ca86a2dc6706a17fe4cf278ffb6b76929c186550",
                "sha256:813d4170f62d68236bb041cf731e8d1f34fc1006a5e5d81139bead6ddaa9d169",
                "sha256:f01405a5c453b866e35338c53882f7ba7069c1f4e4045ce67513ad45c796f8a5",
                "sha256:4a3be9f884df08087996516707446ba55648bbefae8428bf578fa05f20fa2ed9",
                "sha256:7d14f18f8bc43977691276097524b9713d21b9635fea9791311261a66e4fe296",
                "sha256:9532aaa446840ece574c719ad3bbf25f60ca9871f48b5446e3f73e8b498e2398",
                "sha256:67b75a950dbc4025bfa549c183baa17db4096955912f385df31830e5a2121974",
                "sha256:dfc85c2b414dee700e32764559d560063825ec1470d3ee6c973e43c80a622e56",
                "sha256:3fd984580cbea8e02fc531aa32ab9487b72c30127f9e4c8db9ba3fe8950ecc93",
                "sha256:75a427377b2088c29a44db08c796c75a9cde2f9725dd041903cfbc0f6034895c",
                "sha256:ca2deb968135f1400105ca902f5cef24ba6984b6a4904756498afcb9077c76f9",
                "sha256:ffb74ac578b3b80b1d2d5a23a6dd7b1d6682e5fce6a7b3d21b46b180a5546055",
                "sha256:b796d95704b674100bd99fc42bbde9f8f2ccddae8599a4d4bbcb518428dfbfed",
                "sha256:32f52b754abf07c319c04ce16905109cab44b0e7f7c79497431d3b2000f8af8c"
            ],
            "version": "==1.1.2"
        },
        "python-dateutil": {
            "hashes": [
                "sha256:95511bae634d69bc7329ba55e646499a842bc4ec342ad54a8cdb65645a0aad3c",
                "sha256:891c38b2a02f5bb1be3e4793866c8df49c7d19baabf9c1bad62547e0b4866aca"
            ],
            "version": "==2.6.1"
        },
        "pyyaml": {
            "hashes": [
                "sha256:3262c96a1ca437e7e4763e2843746588a965426550f3797a79fca9c6199c431f",
                "sha256:16b20e970597e051997d90dc2cddc713a2876c47e3d92d59ee198700c5427736",
                "sha256:e863072cdf4c72eebf179342c94e6989c67185842d9997960b3e69290b2fa269",
                "sha256:bc6bced57f826ca7cb5125a10b23fd0f2fff3b7c4701d64c439a300ce665fff8",
                "sha256:c01b880ec30b5a6e6aa67b09a2fe3fb30473008c85cd6a67359a1b15ed6d83a4",
                "sha256:827dc04b8fa7d07c44de11fabbc888e627fa8293b695e0f99cb544fdfa1bf0d1",
                "sha256:592766c6303207a20efc445587778322d7f73b161bd994f227adaa341ba212ab",
                "sha256:5f84523c076ad14ff5e6c037fe1c89a7f73a3e04cf0377cb4d017014976433f3",
                "sha256:0c507b7f74b3d2dd4d1322ec8a94794927305ab4cebbe89cc47fe5e81541e6e8",
                "sha256:b4c423ab23291d3945ac61346feeb9a0dc4184999ede5e7c43e1ffb975130ae6",
                "sha256:ca233c64c6e40eaa6c66ef97058cdc80e8d0157a443655baa1b2966e812807ca",
                "sha256:4474f8ea030b5127225b8894d626bb66c01cda098d47a2b0d3429b6700af9fd8",
                "sha256:326420cbb492172dec84b0f65c80942de6cedb5233c413dd824483989c000608",
                "sha256:5ac82e411044fb129bae5cfbeb3ba626acb2af31a8d17d175004b70862a741a7"
            ],
            "version": "==3.12"
        },
        "pyzmq": {
            "hashes": [
                "sha256:bf5b68eb52acb511be3e0612758a3fddb8c2557a4b49572615886721a5ec34a3",
                "sha256:f1cf9d6851889adbfc287de48869383b5d413ee8ef6273367640917fa9d0be84",
                "sha256:9c14fb9ebdb040fa73ef1bb1c240fdd4b43f04c3d2a28c1564e73af9a8afa152",
                "sha256:9e514b6b5347e71b626b92fb0bcd58d81e1448b6fd1b4f39287636018db3aa44",
                "sha256:5c50b4cbfa563bddccc2e1cc994c6d20cb3d2f2d97927e69c87414c317a12f9c",
                "sha256:9d1732a096da76c3c9c9b38ee819cd4857a827d136dc3362078f5c86246fe80a",
                "sha256:a0427e1c7792fd157bde2655148f2ece65ce5ae7d9deb040c42b28efba1494e6",
                "sha256:2c8e3137e5e67be5d65cf487ca81980f39179eea166016377d4b075ae4894537",
                "sha256:00e76f45ceb31f905b49a8690da36de4087009b876d3b17318b46c0bf9c4f208",
                "sha256:ad1930709bc5ff9f86e63fe429a4f99e5ddfb75b006463bafbfd024cb0d74c63",
                "sha256:9baa6b3d0c415c0ce1b4abe794e41605e7076b2aeb7b48d71784bbf648125103",
                "sha256:b650147d98c92cf21c3d9896d5a03fa62f5f16a7bcdb7283c74a0b85c3f2fb86",
                "sha256:868bfb8dc6b95c45ce9319f10b2e6c71f600f860783fd060fa0d8242d3f84c05",
                "sha256:2f1c5cde08368d259831b26b27e8ed1d2667238cf2e6797dd72494a8a12af136",
                "sha256:92039c0095fcadcc6baa8de5eabfd65c42c48b3f6a49f62a38660e45c4de9a84",
                "sha256:d3f3b5fd31b662f0c6543e859c2710ac176bb00e3ead0284a86db9d2da24d4c4",
                "sha256:9b0ab561b70e85ed7dff038ea59bf69e88fe5e65cb0af49c1cfa258b5d855953",
                "sha256:39f78f422730d0447e612bd0f00f02ecd84dffa8b6bebb0aca8ae8c2f01ff17d",
                "sha256:d52995526a82a0e3d89cbba0b53c13e8223a003b40913fdf7d577ebc92ecc106",
                "sha256:7722af57f44a8b12d14047b594d67ba92e3faaed2b44ad0e62adb08a3335cd61",
                "sha256:3c3471d3fd9212aff0109d9bf7825bafed9731afc57b583bc655217852a20ac1",
                "sha256:0322543fff5ab6f87d11a8a099c4c07dd8a1719040084b6ce9162bcdf5c45c9d"
            ],
            "version": "==16.0.2"
        },
        "qtconsole": {
            "hashes": [
                "sha256:274c6c3fb8c99f09601b6c5f4e6b86c2a93d0622229df14966d9aa95a3bad7f3",
                "sha256:2821ccf85853b83e4958521f82e36325208787eaf79b19b83905a99cc41aa209"
            ],
            "version": "==4.3.0"
        },
        "simplegeneric": {
            "hashes": [
                "sha256:dc972e06094b9af5b855b3df4a646395e43d1c9d0d39ed345b7393560d0b9173"
            ],
            "version": "==0.8.1"
        },
        "six": {
            "hashes": [
                "sha256:0ff78c403d9bccf5a425a6d31a12aa6b47f1c21ca4dc2573a7e2f32a97335eb1",
                "sha256:105f8d68616f8248e24bf0e9372ef04d3cc10104f1980f54d57b2ce73a5ad56a"
            ],
            "version": "==1.10.0"
        },
        "sympy": {
            "hashes": [
                "sha256:ac5b57691bc43919dcc21167660a57cc51797c28a4301a6144eff07b751216a4"
            ],
            "version": "==1.1.1"
        },
        "terminado": {
            "hashes": [
                "sha256:2c0ba1f624067dccaaead7d2247cfe029806355cef124dc2ccb53c83229f0126"
            ],
            "version": "==0.6"
        },
        "testpath": {
            "hashes": [
                "sha256:039fa6a6c9fd3488f8336d23aebbfead5fa602c4a47d49d83845f55a595ec1b4",
                "sha256:0d5337839c788da5900df70f8e01015aec141aa3fe7936cb0d0a2953f7ac7609"
            ],
            "version": "==0.3.1"
        },
        "tornado": {
            "hashes": [
                "sha256:2b4618010625bcf01f187eec3148c6a3db76a2a900f7dde416330fc413274df1",
                "sha256:fb0883ae46da958d06fda2e3be6c033825a0b8603c493df8a69c0237055308d9",
                "sha256:0a6894559e62a186d6cc20f1c0e7318f83ae8e28922d75c4b6f83d42cc91d8b1",
                "sha256:c3f4456f0ab9e62dab7ede834dcf4c89082238e97b3e67a9196572c076e716aa",
                "sha256:db0904a28253cfe53e7dedc765c71596f3c53bb8a866ae50123320ec1a7b73fd"
            ],
            "version": "==4.5.1"
        },
        "traitlets": {
            "hashes": [
                "sha256:c6cb5e6f57c5a9bdaa40fa71ce7b4af30298fbab9ece9815b5d995ab6217c7d9",
                "sha256:9c4bd2d267b7153df9152698efb1050a5d84982d3384a37b2c1f7723ba3e7835"
            ],
            "version": "==4.3.2"
        },
        "typed-ast": {
            "hashes": [
                "sha256:ccd7ead8df5b2ca8b35e53a45302e5b4ae1ec271101a470a1d3ff49045d0bd01",
                "sha256:e405d6803050ea1aa1a60990b0fb7a7c6eeed3cb7a67ae7a027b72b106f1c8c3",
                "sha256:5d817a60ca3bc13c5edf750a7fbfce87ca6754f9f7549b5be663c9d847aca2d7",
                "sha256:3c75a01638d961f282ab34841fbdfffc950beb03f0675b2d15b4030253a9cae2",
                "sha256:929ee73294bd12b7726d0a4a05be98439e14c65057853e973c7560fd6446b7c2",
                "sha256:29451952e2036e78908e42dd5857fb1b2cddb5c57ea84dc4573ca4760e160a5c",
                "sha256:01a8bf369defc49b7ccc7bac61f6eff866d56f38eed0344c205376b55cc2e4fa",
                "sha256:ee59e4eebd6a918a0068947d6c837ce692e0a5872e2fb94115f89b1f5baeed89",
                "sha256:f2be992eae010b93b065e9b69b1692ec368aa86de2e3f3cf060cb85673428fc5",
                "sha256:55a50837751d6ec53f1b427d2af35b23fcebf260f8235d3ebe0a0086dbdc51d3",
                "sha256:5a3f8b5a6cd4957c1173ba7d7d7787f9772678e735adf2ce2b61c35300c02552",
                "sha256:b1cf176673be4f0f25ad39f3d32d72ef35dd99f5ac6138c320f69cf60e4cddec",
                "sha256:5a85191b6d12f3627907c02142a66ea7ea3aa4e48bb828107aae5a6a53808cab",
                "sha256:73f09aac0119f6664a3f471a1ec1c9b719f572bc9212913cea96a78b22c2e96e"
            ],
            "version": "==1.0.4"
        },
        "watchdog": {
            "hashes": [
                "sha256:7e65882adb7746039b6f3876ee174952f8eaaa34491ba34333ddf1fe35de4162"
            ],
            "version": "==0.8.3"
        },
        "wcwidth": {
            "hashes": [
                "sha256:f4ebe71925af7b40a864553f761ed559b43544f8f71746c2d756c7fe788ade7c",
                "sha256:3df37372226d6e63e1b1e1eda15c594bca98a22d33a23832a90998faa96bc65e"
            ],
            "version": "==0.1.7"
        },
        "webencodings": {
            "hashes": [
                "sha256:a0af1213f3c2226497a97e2b3aa01a7e4bee4f403f95be16fc9acd2947514a78",
                "sha256:b36a1c245f2d304965eb4e0a82848379241dc04b865afcc4aab16748587e1923"
            ],
            "version": "==0.5.1"
        },
        "widgetsnbextension": {
            "hashes": [
                "sha256:59c84f7483f7699d5fbdfa5756fc32d9fae9d5aad4aca5113a4d99c85632dad8",
                "sha256:566582a84642d0c0f78b756a954450a38a8743eeb8dad04b7cab3ca66f455e6f"
            ],
            "version": "==2.0.0"
        },
        "yapf": {
            "hashes": [
                "sha256:b6a47545511839861ae92108476c119de27a4b137f380f2fd452bcc39bcd6c31",
                "sha256:c703dbe4ec882061184a4ae128d2fefcae00641bb4c73df9b85fd0ea05294354"
            ],
            "version": "==0.18.0"
        }
    },
    "develop": {}
}
