{
    "_meta": {
        "hash": {
            "sha256": "c8c25d10f541d6e80539f57ac113cd4173595f093b91bb7a499aeef4907bf757"
        },
        "requires": {},
        "sources": [
            {
                "url": "https://pypi.python.org/simple",
                "verify_ssl": true
            }
        ]
    },
    "default": {
        "appnope": {
            "version": "==0.1.0"
        },
        "argh": {
            "version": "==0.26.2"
        },
        "asn1crypto": {
            "version": "==0.22.0"
        },
        "bcrypt": {
            "version": "==3.1.3"
        },
        "bleach": {
            "version": "==2.0.0"
        },
        "cffi": {
            "version": "==1.10.0"
        },
        "colorama": {
            "version": "==0.3.9"
        },
        "cryptography": {
            "version": "==2.0"
        },
        "decorator": {
            "version": "==4.1.1"
        },
        "docopt": {
            "version": "==0.6.2"
        },
        "entrypoints": {
            "version": "==0.2.3"
        },
        "fabric3": {
            "version": "==1.13.1.post1"
        },
        "html5lib": {
            "version": "==0.999999999"
        },
        "hugo-jupyter": {
            "version": "==0.1.4"
        },
        "idna": {
            "version": "==2.5"
        },
        "ipykernel": {
            "version": "==4.6.1"
        },
        "ipython": {
            "version": "==6.1.0"
        },
        "ipython-genutils": {
            "version": "==0.2.0"
        },
        "ipywidgets": {
            "version": "==6.0.0"
        },
        "jedi": {
            "version": "==0.10.2"
        },
        "jinja2": {
            "version": "==2.9.6"
        },
        "jsonschema": {
            "version": "==2.6.0"
        },
        "jupyter": {
            "version": "==1.0.0"
        },
        "jupyter-client": {
            "version": "==5.1.0"
        },
        "jupyter-console": {
            "version": "==5.1.0"
        },
        "jupyter-contrib-core": {
            "version": "==0.3.1"
        },
        "jupyter-core": {
            "version": "==4.3.0"
        },
        "jupyter-nbextensions-configurator": {
            "version": "==0.2.5"
        },
        "markupsafe": {
            "version": "==1.0"
        },
        "mistune": {
            "version": "==0.7.4"
        },
        "mpmath": {
            "version": "==0.19"
        },
        "mypy": {
            "version": "==0.520"
        },
        "nbconvert": {
            "version": "==5.2.1"
        },
        "nbformat": {
            "version": "==4.3.0"
        },
        "notebook": {
            "version": "==5.0.0"
        },
        "pandocfilters": {
            "version": "==1.4.1"
        },
        "paramiko": {
            "version": "==2.2.1"
        },
        "pathtools": {
            "version": "==0.1.2"
        },
        "pexpect": {
            "version": "==4.2.1"
        },
        "pickleshare": {
            "version": "==0.7.4"
        },
        "prompt-toolkit": {
            "version": "==1.0.14"
        },
        "ptyprocess": {
            "version": "==0.5.2"
        },
        "pyasn1": {
            "version": "==0.2.3"
        },
        "pycparser": {
            "version": "==2.18"
        },
        "pygments": {
            "version": "==2.2.0"
        },
        "pynacl": {
            "version": "==1.1.2"
        },
        "python-dateutil": {
            "version": "==2.6.1"
        },
        "pyyaml": {
            "version": "==3.12"
        },
        "pyzmq": {
            "version": "==16.0.2"
        },
        "qtconsole": {
            "version": "==4.3.0"
        },
        "setuptools": {
            "version": "==36.2.0"
        },
        "simplegeneric": {
            "version": "==0.8.1"
        },
        "six": {
            "version": "==1.10.0"
        },
        "sympy": {
            "version": "==1.1"
        },
        "terminado": {
            "version": "==0.6"
        },
        "testpath": {
            "version": "==0.3.1"
        },
        "tornado": {
            "version": "==4.5.1"
        },
        "traitlets": {
            "version": "==4.3.2"
        },
        "typed-ast": {
            "version": "==1.0.4"
        },
        "watchdog": {
            "version": "==0.8.3"
        },
        "wcwidth": {
            "version": "==0.1.7"
        },
        "webencodings": {
            "version": "==0.5.1"
        },
        "widgetsnbextension": {
            "version": "==2.0.0"
        }
    },
    "develop": {}
}
